
Microsoft Visual Studio Solution File, Format Version 12.00
# Visual Studio Version 16
VisualStudioVersion = 16.0.32630.194
MinimumVisualStudioVersion = 10.0.40219.1
Project("{FAE04EC0-301F-11D3-BF4B-00C04F79EFBC}") = "Task2", "Task2\Task2.csproj", "{156DAB41-E38F-46B6-9950-4A28CBAAB582}"
EndProject
Global
	GlobalSection(SolutionConfigurationPlatforms) = preSolution
		Debug|Any CPU = Debug|Any CPU
		Release|Any CPU = Release|Any CPU
	EndGlobalSection
	GlobalSection(ProjectConfigurationPlatforms) = postSolution
		{156DAB41-E38F-46B6-9950-4A28CBAAB582}.Debug|Any CPU.ActiveCfg = Debug|Any CPU
		{156DAB41-E38F-46B6-9950-4A28CBAAB582}.Debug|Any CPU.Build.0 = Debug|Any CPU
		{156DAB41-E38F-46B6-9950-4A28CBAAB582}.Release|Any CPU.ActiveCfg = Release|Any CPU
		{156DAB41-E38F-46B6-9950-4A28CBAAB582}.Release|Any CPU.Build.0 = Release|Any CPU
	EndGlobalSection
	GlobalSection(SolutionProperties) = preSolution
		HideSolutionNode = FALSE
	EndGlobalSection
	GlobalSection(ExtensibilityGlobals) = postSolution
		SolutionGuid = {F13BA455-8C9C-40FA-918F-6D394DD8B7B9}
	EndGlobalSection
EndGlobal
